PODS:
  - CSwiftV (0.0.5)
  - DateTools (2.0.0)
  - DZNEmptyDataSet (1.8.1)
  - RFKeyboardToolbar (1.3)
  - TagListView (1.2.0)

DEPENDENCIES:
  - CSwiftV (from `https://github.com/UberJason/CSwiftV.git`)
  - DateTools (from `https://github.com/UberJason/DateTools.git`)
  - DZNEmptyDataSet
  - RFKeyboardToolbar
  - TagListView

EXTERNAL SOURCES:
  CSwiftV:
    :git: https://github.com/UberJason/CSwiftV.git
  DateTools:
    :git: https://github.com/UberJason/DateTools.git

CHECKOUT OPTIONS:
  CSwiftV:
    :commit: 1da904d79156c7580465084dbd4490b78125bc3c
    :git: https://github.com/UberJason/CSwiftV.git
  DateTools:
    :commit: 41a2735506cf98e22140de711b950cb771308316
    :git: https://github.com/UberJason/DateTools.git

SPEC CHECKSUMS:
  CSwiftV: 2560532e2e5b04d95c36b0f49a8dc745071fa525
  DateTools: 933ac9c490f21f92127cf690ccd8c397e0126caf
  DZNEmptyDataSet: 9525833b9e68ac21c30253e1d3d7076cc828eaa7
  RFKeyboardToolbar: c96a7d9458564d1fedc8ef6844b6c467934aade2
  TagListView: 999e1df50c0f6b9ca927fae705c86a7e3b6ee9ba

PODFILE CHECKSUM: 1e86a0c59a39073cb55dfc185e0e8d77fe8d2375

COCOAPODS: 1.3.1
