// !$*UTF8*$!
{
	archiveVersion = 1;
	classes = {
	};
	objectVersion = 47;
	objects = {

/* Begin PBXBuildFile section */
		1AE69B46399AC00E4989F00D /* Pods_TrackIt.framework in Frameworks */ = {isa = PBXBuildFile; fileRef = DF1F15D803E9797F01B995F5 /* Pods_TrackIt.framework */; };
		960105C21BE843A100979763 /* main.m in Sources */ = {isa = PBXBuildFile; fileRef = 960105C11BE843A100979763 /* main.m */; };
		960105C51BE843A100979763 /* AppDelegate.m in Sources */ = {isa = PBXBuildFile; fileRef = 960105C41BE843A100979763 /* AppDelegate.m */; };
		960105CB1BE843A100979763 /* Main.storyboard in Resources */ = {isa = PBXBuildFile; fileRef = 960105C91BE843A100979763 /* Main.storyboard */; };
		960105D01BE843A100979763 /* Assets.xcassets in Resources */ = {isa = PBXBuildFile; fileRef = 960105CF1BE843A100979763 /* Assets.xcassets */; };
		960105D31BE843A100979763 /* LaunchScreen.storyboard in Resources */ = {isa = PBXBuildFile; fileRef = 960105D11BE843A100979763 /* LaunchScreen.storyboard */; };
		960105E51BE8449500979763 /* TrackIt.xcdatamodeld in Sources */ = {isa = PBXBuildFile; fileRef = 960105E31BE8449500979763 /* TrackIt.xcdatamodeld */; };
		960105E81BE8453300979763 /* AllEntriesTableViewController.m in Sources */ = {isa = PBXBuildFile; fileRef = 960105E71BE8453300979763 /* AllEntriesTableViewController.m */; };
		960105EB1BE84C8600979763 /* EntriesModel.m in Sources */ = {isa = PBXBuildFile; fileRef = 960105EA1BE84C8600979763 /* EntriesModel.m */; };
		960105EE1BE84FAE00979763 /* EntryCell.m in Sources */ = {isa = PBXBuildFile; fileRef = 960105ED1BE84FAE00979763 /* EntryCell.m */; };
		960105F21BE857CB00979763 /* AddEntryViewController.m in Sources */ = {isa = PBXBuildFile; fileRef = 960105F11BE857CB00979763 /* AddEntryViewController.m */; };
		960105F51BE85CCF00979763 /* AmountCell.m in Sources */ = {isa = PBXBuildFile; fileRef = 960105F41BE85CCF00979763 /* AmountCell.m */; };
		960105F81BE85CD800979763 /* NoteCell.m in Sources */ = {isa = PBXBuildFile; fileRef = 960105F71BE85CD800979763 /* NoteCell.m */; };
		961271131CCEF86A002268F7 /* Entry+CoreDataProperties.swift in Sources */ = {isa = PBXBuildFile; fileRef = 9612710F1CCEF86A002268F7 /* Entry+CoreDataProperties.swift */; };
		961271141CCEF86A002268F7 /* Entry.swift in Sources */ = {isa = PBXBuildFile; fileRef = 961271101CCEF86A002268F7 /* Entry.swift */; };
		961271151CCEF86A002268F7 /* Tag+CoreDataProperties.swift in Sources */ = {isa = PBXBuildFile; fileRef = 961271111CCEF86A002268F7 /* Tag+CoreDataProperties.swift */; };
		961271161CCEF86A002268F7 /* Tag.swift in Sources */ = {isa = PBXBuildFile; fileRef = 961271121CCEF86A002268F7 /* Tag.swift */; };
		961271181CCF0803002268F7 /* TagsCell.swift in Sources */ = {isa = PBXBuildFile; fileRef = 961271171CCF0803002268F7 /* TagsCell.swift */; };
		96434C9A1BE86195009342FC /* UIColor+FlatUI.m in Sources */ = {isa = PBXBuildFile; fileRef = 96434C991BE86195009342FC /* UIColor+FlatUI.m */; };
		96434C9D1BE862FF009342FC /* DatePickerCell.m in Sources */ = {isa = PBXBuildFile; fileRef = 96434C9C1BE862FF009342FC /* DatePickerCell.m */; };
		96434CA01BE86CC9009342FC /* ContainerViewController.m in Sources */ = {isa = PBXBuildFile; fileRef = 96434C9F1BE86CC9009342FC /* ContainerViewController.m */; };
		964A6E4D1BE877080024A2B3 /* UIControl+Blocks.m in Sources */ = {isa = PBXBuildFile; fileRef = 964A6E4A1BE877080024A2B3 /* UIControl+Blocks.m */; };
		964A6E4E1BE877080024A2B3 /* RFKeyboardToolbar+DoneButton.m in Sources */ = {isa = PBXBuildFile; fileRef = 964A6E4C1BE877080024A2B3 /* RFKeyboardToolbar+DoneButton.m */; };
		964A6E821BEAF8260024A2B3 /* Interface.storyboard in Resources */ = {isa = PBXBuildFile; fileRef = 964A6E801BEAF8260024A2B3 /* Interface.storyboard */; };
		964A6E841BEAF8260024A2B3 /* Assets.xcassets in Resources */ = {isa = PBXBuildFile; fileRef = 964A6E831BEAF8260024A2B3 /* Assets.xcassets */; };
		964A6E8B1BEAF8260024A2B3 /* WatchTrack Extension.appex in Embed App Extensions */ = {isa = PBXBuildFile; fileRef = 964A6E8A1BEAF8260024A2B3 /* WatchTrack Extension.appex */; settings = {ATTRIBUTES = (RemoveHeadersOnCopy, ); }; };
		964A6E911BEAF8260024A2B3 /* TotalInterfaceController.m in Sources */ = {isa = PBXBuildFile; fileRef = 964A6E901BEAF8260024A2B3 /* TotalInterfaceController.m */; };
		964A6E941BEAF8260024A2B3 /* ExtensionDelegate.m in Sources */ = {isa = PBXBuildFile; fileRef = 964A6E931BEAF8260024A2B3 /* ExtensionDelegate.m */; };
		964A6E991BEAF8260024A2B3 /* Assets.xcassets in Resources */ = {isa = PBXBuildFile; fileRef = 964A6E981BEAF8260024A2B3 /* Assets.xcassets */; };
		964A6E9D1BEAF8260024A2B3 /* WatchTrack.app in Embed Watch Content */ = {isa = PBXBuildFile; fileRef = 964A6E7E1BEAF8260024A2B3 /* WatchTrack.app */; };
		967174BA1BEB069F00321787 /* AddEntryInterfaceController.m in Sources */ = {isa = PBXBuildFile; fileRef = 967174B91BEB069F00321787 /* AddEntryInterfaceController.m */; };
		967174BE1BEC539200321787 /* WatchSessionDelegate.m in Sources */ = {isa = PBXBuildFile; fileRef = 967174BD1BEC539200321787 /* WatchSessionDelegate.m */; };
		967174C21BEC5DA600321787 /* WatchSessionDelegate.m in Sources */ = {isa = PBXBuildFile; fileRef = 967174C11BEC5DA600321787 /* WatchSessionDelegate.m */; };
		96B506541BF96C3700E2F083 /* SelectDatesViewController.m in Sources */ = {isa = PBXBuildFile; fileRef = 96B506531BF96C3700E2F083 /* SelectDatesViewController.m */; };
		96BA74A21BF19CBC00CDDA46 /* Settings-Watch.bundle in Resources */ = {isa = PBXBuildFile; fileRef = 96BA74A11BF19CBC00CDDA46 /* Settings-Watch.bundle */; };
/* End PBXBuildFile section */

/* Begin PBXContainerItemProxy section */
		964A6E8C1BEAF8260024A2B3 /* PBXContainerItemProxy */ = {
			isa = PBXContainerItemProxy;
			containerPortal = 960105B51BE843A100979763 /* Project object */;
			proxyType = 1;
			remoteGlobalIDString = 964A6E891BEAF8260024A2B3;
			remoteInfo = "WatchTrack Extension";
		};
		964A6E9B1BEAF8260024A2B3 /* PBXContainerItemProxy */ = {
			isa = PBXContainerItemProxy;
			containerPortal = 960105B51BE843A100979763 /* Project object */;
			proxyType = 1;
			remoteGlobalIDString = 964A6E7D1BEAF8260024A2B3;
			remoteInfo = WatchTrack;
		};
/* End PBXContainerItemProxy section */

/* Begin PBXCopyFilesBuildPhase section */
		964A6E7B1BEAF6860024A2B3 /* Embed Watch Content */ = {
			isa = PBXCopyFilesBuildPhase;
			buildActionMask = 2147483647;
			dstPath = "$(CONTENTS_FOLDER_PATH)/Watch";
			dstSubfolderSpec = 16;
			files = (
				964A6E9D1BEAF8260024A2B3 /* WatchTrack.app in Embed Watch Content */,
			);
			name = "Embed Watch Content";
			runOnlyForDeploymentPostprocessing = 0;
		};
		964A6EA11BEAF8260024A2B3 /* Embed App Extensions */ = {
			isa = PBXCopyFilesBuildPhase;
			buildActionMask = 2147483647;
			dstPath = "";
			dstSubfolderSpec = 13;
			files = (
				964A6E8B1BEAF8260024A2B3 /* WatchTrack Extension.appex in Embed App Extensions */,
			);
			name = "Embed App Extensions";
			runOnlyForDeploymentPostprocessing = 0;
		};
/* End PBXCopyFilesBuildPhase section */

/* Begin PBXFileReference section */
		960105BD1BE843A100979763 /* TrackIt.app */ = {isa = PBXFileReference; explicitFileType = wrapper.application; includeInIndex = 0; path = TrackIt.app; sourceTree = BUILT_PRODUCTS_DIR; };
		960105C11BE843A100979763 /* main.m */ = {isa = PBXFileReference; lastKnownFileType = sourcecode.c.objc; path = main.m; sourceTree = "<group>"; };
		960105C31BE843A100979763 /* AppDelegate.h */ = {isa = PBXFileReference; lastKnownFileType = sourcecode.c.h; path = AppDelegate.h; sourceTree = "<group>"; };
		960105C41BE843A100979763 /* AppDelegate.m */ = {isa = PBXFileReference; lastKnownFileType = sourcecode.c.objc; path = AppDelegate.m; sourceTree = "<group>"; };
		960105CA1BE843A100979763 /* Base */ = {isa = PBXFileReference; lastKnownFileType = file.storyboard; name = Base; path = Base.lproj/Main.storyboard; sourceTree = "<group>"; };
		960105CF1BE843A100979763 /* Assets.xcassets */ = {isa = PBXFileReference; lastKnownFileType = folder.assetcatalog; path = Assets.xcassets; sourceTree = "<group>"; };
		960105D21BE843A100979763 /* Base */ = {isa = PBXFileReference; lastKnownFileType = file.storyboard; name = Base; path = Base.lproj/LaunchScreen.storyboard; sourceTree = "<group>"; };
		960105D41BE843A100979763 /* Info.plist */ = {isa = PBXFileReference; lastKnownFileType = text.plist.xml; path = Info.plist; sourceTree = "<group>"; };
		960105E41BE8449500979763 /* TrackIt.xcdatamodel */ = {isa = PBXFileReference; lastKnownFileType = wrapper.xcdatamodel; path = TrackIt.xcdatamodel; sourceTree = "<group>"; };
		960105E61BE8453300979763 /* AllEntriesTableViewController.h */ = {isa = PBXFileReference; fileEncoding = 4; lastKnownFileType = sourcecode.c.h; name = AllEntriesTableViewController.h; path = Controllers/AllEntriesTableViewController.h; sourceTree = "<group>"; };
		960105E71BE8453300979763 /* AllEntriesTableViewController.m */ = {isa = PBXFileReference; fileEncoding = 4; lastKnownFileType = sourcecode.c.objc; name = AllEntriesTableViewController.m; path = Controllers/AllEntriesTableViewController.m; sourceTree = "<group>"; };
		960105E91BE84C8600979763 /* EntriesModel.h */ = {isa = PBXFileReference; fileEncoding = 4; lastKnownFileType = sourcecode.c.h; name = EntriesModel.h; path = Models/EntriesModel.h; sourceTree = "<group>"; };
		960105EA1BE84C8600979763 /* EntriesModel.m */ = {isa = PBXFileReference; fileEncoding = 4; lastKnownFileType = sourcecode.c.objc; name = EntriesModel.m; path = Models/EntriesModel.m; sourceTree = "<group>"; };
		960105EC1BE84FAE00979763 /* EntryCell.h */ = {isa = PBXFileReference; fileEncoding = 4; lastKnownFileType = sourcecode.c.h; name = EntryCell.h; path = Views/EntryCell.h; sourceTree = "<group>"; };
		960105ED1BE84FAE00979763 /* EntryCell.m */ = {isa = PBXFileReference; fileEncoding = 4; lastKnownFileType = sourcecode.c.objc; name = EntryCell.m; path = Views/EntryCell.m; sourceTree = "<group>"; };
		960105F01BE857CB00979763 /* AddEntryViewController.h */ = {isa = PBXFileReference; fileEncoding = 4; lastKnownFileType = sourcecode.c.h; name = AddEntryViewController.h; path = Controllers/AddEntryViewController.h; sourceTree = "<group>"; };
		960105F11BE857CB00979763 /* AddEntryViewController.m */ = {isa = PBXFileReference; fileEncoding = 4; lastKnownFileType = sourcecode.c.objc; name = AddEntryViewController.m; path = Controllers/AddEntryViewController.m; sourceTree = "<group>"; };
		960105F31BE85CCF00979763 /* AmountCell.h */ = {isa = PBXFileReference; fileEncoding = 4; lastKnownFileType = sourcecode.c.h; name = AmountCell.h; path = Views/AmountCell.h; sourceTree = "<group>"; };
		960105F41BE85CCF00979763 /* AmountCell.m */ = {isa = PBXFileReference; fileEncoding = 4; lastKnownFileType = sourcecode.c.objc; name = AmountCell.m; path = Views/AmountCell.m; sourceTree = "<group>"; };
		960105F61BE85CD800979763 /* NoteCell.h */ = {isa = PBXFileReference; fileEncoding = 4; lastKnownFileType = sourcecode.c.h; name = NoteCell.h; path = Views/NoteCell.h; sourceTree = "<group>"; };
		960105F71BE85CD800979763 /* NoteCell.m */ = {isa = PBXFileReference; fileEncoding = 4; lastKnownFileType = sourcecode.c.objc; name = NoteCell.m; path = Views/NoteCell.m; sourceTree = "<group>"; };
		9612710D1CCEF7A7002268F7 /* TrackIt 2.xcdatamodel */ = {isa = PBXFileReference; lastKnownFileType = wrapper.xcdatamodel; path = "TrackIt 2.xcdatamodel"; sourceTree = "<group>"; };
		9612710E1CCEF86A002268F7 /* TrackIt-Bridging-Header.h */ = {isa = PBXFileReference; lastKnownFileType = sourcecode.c.h; path = "TrackIt-Bridging-Header.h"; sourceTree = "<group>"; };
		9612710F1CCEF86A002268F7 /* Entry+CoreDataProperties.swift */ = {isa = PBXFileReference; fileEncoding = 4; lastKnownFileType = sourcecode.swift; path = "Entry+CoreDataProperties.swift"; sourceTree = "<group>"; };
		961271101CCEF86A002268F7 /* Entry.swift */ = {isa = PBXFileReference; fileEncoding = 4; lastKnownFileType = sourcecode.swift; path = Entry.swift; sourceTree = "<group>"; };
		961271111CCEF86A002268F7 /* Tag+CoreDataProperties.swift */ = {isa = PBXFileReference; fileEncoding = 4; lastKnownFileType = sourcecode.swift; path = "Tag+CoreDataProperties.swift"; sourceTree = "<group>"; };
		961271121CCEF86A002268F7 /* Tag.swift */ = {isa = PBXFileReference; fileEncoding = 4; lastKnownFileType = sourcecode.swift; path = Tag.swift; sourceTree = "<group>"; };
		961271171CCF0803002268F7 /* TagsCell.swift */ = {isa = PBXFileReference; fileEncoding = 4; lastKnownFileType = sourcecode.swift; name = TagsCell.swift; path = Views/TagsCell.swift; sourceTree = "<group>"; };
		96434C981BE86195009342FC /* UIColor+FlatUI.h */ = {isa = PBXFileReference; fileEncoding = 4; lastKnownFileType = sourcecode.c.h; name = "UIColor+FlatUI.h"; path = "Utilities/UIColor+FlatUI.h"; sourceTree = "<group>"; };
		96434C991BE86195009342FC /* UIColor+FlatUI.m */ = {isa = PBXFileReference; fileEncoding = 4; lastKnownFileType = sourcecode.c.objc; name = "UIColor+FlatUI.m"; path = "Utilities/UIColor+FlatUI.m"; sourceTree = "<group>"; };
		96434C9B1BE862FF009342FC /* DatePickerCell.h */ = {isa = PBXFileReference; fileEncoding = 4; lastKnownFileType = sourcecode.c.h; name = DatePickerCell.h; path = Views/DatePickerCell.h; sourceTree = "<group>"; };
		96434C9C1BE862FF009342FC /* DatePickerCell.m */ = {isa = PBXFileReference; fileEncoding = 4; lastKnownFileType = sourcecode.c.objc; name = DatePickerCell.m; path = Views/DatePickerCell.m; sourceTree = "<group>"; };
		96434C9E1BE86CC9009342FC /* ContainerViewController.h */ = {isa = PBXFileReference; fileEncoding = 4; lastKnownFileType = sourcecode.c.h; name = ContainerViewController.h; path = Controllers/ContainerViewController.h; sourceTree = "<group>"; };
		96434C9F1BE86CC9009342FC /* ContainerViewController.m */ = {isa = PBXFileReference; fileEncoding = 4; lastKnownFileType = sourcecode.c.objc; name = ContainerViewController.m; path = Controllers/ContainerViewController.m; sourceTree = "<group>"; };
		964A6E491BE877080024A2B3 /* UIControl+Blocks.h */ = {isa = PBXFileReference; fileEncoding = 4; lastKnownFileType = sourcecode.c.h; name = "UIControl+Blocks.h"; path = "Utilities/UIControl+Blocks.h"; sourceTree = "<group>"; };
		964A6E4A1BE877080024A2B3 /* UIControl+Blocks.m */ = {isa = PBXFileReference; fileEncoding = 4; lastKnownFileType = sourcecode.c.objc; name = "UIControl+Blocks.m"; path = "Utilities/UIControl+Blocks.m"; sourceTree = "<group>"; };
		964A6E4B1BE877080024A2B3 /* RFKeyboardToolbar+DoneButton.h */ = {isa = PBXFileReference; fileEncoding = 4; lastKnownFileType = sourcecode.c.h; name = "RFKeyboardToolbar+DoneButton.h"; path = "Utilities/RFKeyboardToolbar+DoneButton.h"; sourceTree = "<group>"; };
		964A6E4C1BE877080024A2B3 /* RFKeyboardToolbar+DoneButton.m */ = {isa = PBXFileReference; fileEncoding = 4; lastKnownFileType = sourcecode.c.objc; name = "RFKeyboardToolbar+DoneButton.m"; path = "Utilities/RFKeyboardToolbar+DoneButton.m"; sourceTree = "<group>"; };
		964A6E7E1BEAF8260024A2B3 /* WatchTrack.app */ = {isa = PBXFileReference; explicitFileType = wrapper.application; includeInIndex = 0; path = WatchTrack.app; sourceTree = BUILT_PRODUCTS_DIR; };
		964A6E811BEAF8260024A2B3 /* Base */ = {isa = PBXFileReference; lastKnownFileType = file.storyboard; name = Base; path = Base.lproj/Interface.storyboard; sourceTree = "<group>"; };
		964A6E831BEAF8260024A2B3 /* Assets.xcassets */ = {isa = PBXFileReference; lastKnownFileType = folder.assetcatalog; path = Assets.xcassets; sourceTree = "<group>"; };
		964A6E851BEAF8260024A2B3 /* Info.plist */ = {isa = PBXFileReference; lastKnownFileType = text.plist.xml; path = Info.plist; sourceTree = "<group>"; };
		964A6E8A1BEAF8260024A2B3 /* WatchTrack Extension.appex */ = {isa = PBXFileReference; explicitFileType = "wrapper.app-extension"; includeInIndex = 0; path = "WatchTrack Extension.appex"; sourceTree = BUILT_PRODUCTS_DIR; };
		964A6E8F1BEAF8260024A2B3 /* TotalInterfaceController.h */ = {isa = PBXFileReference; lastKnownFileType = sourcecode.c.h; path = TotalInterfaceController.h; sourceTree = "<group>"; };
		964A6E901BEAF8260024A2B3 /* TotalInterfaceController.m */ = {isa = PBXFileReference; lastKnownFileType = sourcecode.c.objc; path = TotalInterfaceController.m; sourceTree = "<group>"; };
		964A6E921BEAF8260024A2B3 /* ExtensionDelegate.h */ = {isa = PBXFileReference; lastKnownFileType = sourcecode.c.h; path = ExtensionDelegate.h; sourceTree = "<group>"; };
		964A6E931BEAF8260024A2B3 /* ExtensionDelegate.m */ = {isa = PBXFileReference; lastKnownFileType = sourcecode.c.objc; path = ExtensionDelegate.m; sourceTree = "<group>"; };
		964A6E981BEAF8260024A2B3 /* Assets.xcassets */ = {isa = PBXFileReference; lastKnownFileType = folder.assetcatalog; path = Assets.xcassets; sourceTree = "<group>"; };
		964A6E9A1BEAF8260024A2B3 /* Info.plist */ = {isa = PBXFileReference; lastKnownFileType = text.plist.xml; path = Info.plist; sourceTree = "<group>"; };
		967174B81BEB069F00321787 /* AddEntryInterfaceController.h */ = {isa = PBXFileReference; fileEncoding = 4; lastKnownFileType = sourcecode.c.h; name = AddEntryInterfaceController.h; path = "WatchTrack Extension/AddEntryInterfaceController.h"; sourceTree = SOURCE_ROOT; };
		967174B91BEB069F00321787 /* AddEntryInterfaceController.m */ = {isa = PBXFileReference; fileEncoding = 4; lastKnownFileType = sourcecode.c.objc; name = AddEntryInterfaceController.m; path = "WatchTrack Extension/AddEntryInterfaceController.m"; sourceTree = SOURCE_ROOT; };
		967174BC1BEC539200321787 /* WatchSessionDelegate.h */ = {isa = PBXFileReference; fileEncoding = 4; lastKnownFileType = sourcecode.c.h; name = WatchSessionDelegate.h; path = Models/WatchSessionDelegate.h; sourceTree = "<group>"; };
		967174BD1BEC539200321787 /* WatchSessionDelegate.m */ = {isa = PBXFileReference; fileEncoding = 4; lastKnownFileType = sourcecode.c.objc; name = WatchSessionDelegate.m; path = Models/WatchSessionDelegate.m; sourceTree = "<group>"; };
		967174C01BEC5DA600321787 /* WatchSessionDelegate.h */ = {isa = PBXFileReference; fileEncoding = 4; lastKnownFileType = sourcecode.c.h; path = WatchSessionDelegate.h; sourceTree = "<group>"; };
		967174C11BEC5DA600321787 /* WatchSessionDelegate.m */ = {isa = PBXFileReference; fileEncoding = 4; lastKnownFileType = sourcecode.c.objc; path = WatchSessionDelegate.m; sourceTree = "<group>"; };
		967174C61BF16EC900321787 /* TrackIt.entitlements */ = {isa = PBXFileReference; lastKnownFileType = text.xml; path = TrackIt.entitlements; sourceTree = "<group>"; };
		967174C71BF1709900321787 /* WatchTrack Extension.entitlements */ = {isa = PBXFileReference; lastKnownFileType = text.xml; path = "WatchTrack Extension.entitlements"; sourceTree = "<group>"; };
		96B506521BF96C3700E2F083 /* SelectDatesViewController.h */ = {isa = PBXFileReference; fileEncoding = 4; lastKnownFileType = sourcecode.c.h; name = SelectDatesViewController.h; path = Controllers/SelectDatesViewController.h; sourceTree = "<group>"; };
		96B506531BF96C3700E2F083 /* SelectDatesViewController.m */ = {isa = PBXFileReference; fileEncoding = 4; lastKnownFileType = sourcecode.c.objc; name = SelectDatesViewController.m; path = Controllers/SelectDatesViewController.m; sourceTree = "<group>"; };
		96BA749B1BF17CFA00CDDA46 /* WatchTrack.entitlements */ = {isa = PBXFileReference; lastKnownFileType = text.xml; path = WatchTrack.entitlements; sourceTree = "<group>"; };
		96BA74A11BF19CBC00CDDA46 /* Settings-Watch.bundle */ = {isa = PBXFileReference; lastKnownFileType = "wrapper.plug-in"; path = "Settings-Watch.bundle"; sourceTree = "<group>"; };
		96F389331BFC18A100DC131B /* EntryDelegate.h */ = {isa = PBXFileReference; fileEncoding = 4; lastKnownFileType = sourcecode.c.h; path = EntryDelegate.h; sourceTree = "<group>"; };
		CA62EA34F330EFA6D8D03F63 /* Pods-TrackIt.release.xcconfig */ = {isa = PBXFileReference; includeInIndex = 1; lastKnownFileType = text.xcconfig; name = "Pods-TrackIt.release.xcconfig"; path = "Pods/Target Support Files/Pods-TrackIt/Pods-TrackIt.release.xcconfig"; sourceTree = "<group>"; };
		DF1F15D803E9797F01B995F5 /* Pods_TrackIt.framework */ = {isa = PBXFileReference; explicitFileType = wrapper.framework; includeInIndex = 0; path = Pods_TrackIt.framework; sourceTree = BUILT_PRODUCTS_DIR; };
		E2F9D59B9723CDE7DF30F082 /* Pods-TrackIt.debug.xcconfig */ = {isa = PBXFileReference; includeInIndex = 1; lastKnownFileType = text.xcconfig; name = "Pods-TrackIt.debug.xcconfig"; path = "Pods/Target Support Files/Pods-TrackIt/Pods-TrackIt.debug.xcconfig"; sourceTree = "<group>"; };
/* End PBXFileReference section */

/* Begin PBXFrameworksBuildPhase section */
		960105BA1BE843A100979763 /* Frameworks */ = {
			isa = PBXFrameworksBuildPhase;
			buildActionMask = 2147483647;
			files = (
				1AE69B46399AC00E4989F00D /* Pods_TrackIt.framework in Frameworks */,
			);
			runOnlyForDeploymentPostprocessing = 0;
		};
		964A6E871BEAF8260024A2B3 /* Frameworks */ = {
			isa = PBXFrameworksBuildPhase;
			buildActionMask = 2147483647;
			files = (
			);
			runOnlyForDeploymentPostprocessing = 0;
		};
/* End PBXFrameworksBuildPhase section */

/* Begin PBXGroup section */
		0221DD8F576400897451E1FD /* Frameworks */ = {
			isa = PBXGroup;
			children = (
				DF1F15D803E9797F01B995F5 /* Pods_TrackIt.framework */,
			);
			name = Frameworks;
			sourceTree = "<group>";
		};
		47A60588E7801D755F61F72C /* Pods */ = {
			isa = PBXGroup;
			children = (
				E2F9D59B9723CDE7DF30F082 /* Pods-TrackIt.debug.xcconfig */,
				CA62EA34F330EFA6D8D03F63 /* Pods-TrackIt.release.xcconfig */,
			);
			name = Pods;
			sourceTree = "<group>";
		};
		960105B41BE843A100979763 = {
			isa = PBXGroup;
			children = (
				960105BF1BE843A100979763 /* TrackIt */,
				964A6E7F1BEAF8260024A2B3 /* WatchTrack */,
				964A6E8E1BEAF8260024A2B3 /* WatchTrack Extension */,
				960105BE1BE843A100979763 /* Products */,
				47A60588E7801D755F61F72C /* Pods */,
				0221DD8F576400897451E1FD /* Frameworks */,
			);
			sourceTree = "<group>";
		};
		960105BE1BE843A100979763 /* Products */ = {
			isa = PBXGroup;
			children = (
				960105BD1BE843A100979763 /* TrackIt.app */,
				964A6E7E1BEAF8260024A2B3 /* WatchTrack.app */,
				964A6E8A1BEAF8260024A2B3 /* WatchTrack Extension.appex */,
			);
			name = Products;
			sourceTree = "<group>";
		};
		960105BF1BE843A100979763 /* TrackIt */ = {
			isa = PBXGroup;
			children = (
				967174C61BF16EC900321787 /* TrackIt.entitlements */,
				960105C91BE843A100979763 /* Main.storyboard */,
				960105CF1BE843A100979763 /* Assets.xcassets */,
				960105C31BE843A100979763 /* AppDelegate.h */,
				960105C41BE843A100979763 /* AppDelegate.m */,
				960105DC1BE8441100979763 /* Models */,
				960105DB1BE8440B00979763 /* Controllers */,
				960105EF1BE84FB200979763 /* Views */,
				960105DA1BE8440200979763 /* Core Data */,
				964A6E481BE876FE0024A2B3 /* Utilities */,
				960105C01BE843A100979763 /* Supporting Files */,
			);
			path = TrackIt;
			sourceTree = "<group>";
		};
		960105C01BE843A100979763 /* Supporting Files */ = {
			isa = PBXGroup;
			children = (
				9612710E1CCEF86A002268F7 /* TrackIt-Bridging-Header.h */,
				96BA74A11BF19CBC00CDDA46 /* Settings-Watch.bundle */,
				960105D41BE843A100979763 /* Info.plist */,
				960105D11BE843A100979763 /* LaunchScreen.storyboard */,
				960105C11BE843A100979763 /* main.m */,
			);
			name = "Supporting Files";
			sourceTree = "<group>";
		};
		960105DA1BE8440200979763 /* Core Data */ = {
			isa = PBXGroup;
			children = (
				9612710F1CCEF86A002268F7 /* Entry+CoreDataProperties.swift */,
				961271101CCEF86A002268F7 /* Entry.swift */,
				961271111CCEF86A002268F7 /* Tag+CoreDataProperties.swift */,
				961271121CCEF86A002268F7 /* Tag.swift */,
				960105E31BE8449500979763 /* TrackIt.xcdatamodeld */,
			);
			name = "Core Data";
			sourceTree = "<group>";
		};
		960105DB1BE8440B00979763 /* Controllers */ = {
			isa = PBXGroup;
			children = (
				960105E61BE8453300979763 /* AllEntriesTableViewController.h */,
				960105E71BE8453300979763 /* AllEntriesTableViewController.m */,
				96434C9E1BE86CC9009342FC /* ContainerViewController.h */,
				96434C9F1BE86CC9009342FC /* ContainerViewController.m */,
				960105F01BE857CB00979763 /* AddEntryViewController.h */,
				960105F11BE857CB00979763 /* AddEntryViewController.m */,
				96B506521BF96C3700E2F083 /* SelectDatesViewController.h */,
				96B506531BF96C3700E2F083 /* SelectDatesViewController.m */,
			);
			name = Controllers;
			sourceTree = "<group>";
		};
		960105DC1BE8441100979763 /* Models */ = {
			isa = PBXGroup;
			children = (
				960105E91BE84C8600979763 /* EntriesModel.h */,
				960105EA1BE84C8600979763 /* EntriesModel.m */,
				967174BC1BEC539200321787 /* WatchSessionDelegate.h */,
				967174BD1BEC539200321787 /* WatchSessionDelegate.m */,
			);
			name = Models;
			sourceTree = "<group>";
		};
		960105EF1BE84FB200979763 /* Views */ = {
			isa = PBXGroup;
			children = (
				961271171CCF0803002268F7 /* TagsCell.swift */,
				96434C9B1BE862FF009342FC /* DatePickerCell.h */,
				96434C9C1BE862FF009342FC /* DatePickerCell.m */,
				960105F31BE85CCF00979763 /* AmountCell.h */,
				960105F41BE85CCF00979763 /* AmountCell.m */,
				960105F61BE85CD800979763 /* NoteCell.h */,
				960105F71BE85CD800979763 /* NoteCell.m */,
				960105EC1BE84FAE00979763 /* EntryCell.h */,
				960105ED1BE84FAE00979763 /* EntryCell.m */,
			);
			name = Views;
			sourceTree = "<group>";
		};
		964A6E481BE876FE0024A2B3 /* Utilities */ = {
			isa = PBXGroup;
			children = (
				964A6E491BE877080024A2B3 /* UIControl+Blocks.h */,
				964A6E4A1BE877080024A2B3 /* UIControl+Blocks.m */,
				964A6E4B1BE877080024A2B3 /* RFKeyboardToolbar+DoneButton.h */,
				964A6E4C1BE877080024A2B3 /* RFKeyboardToolbar+DoneButton.m */,
				96434C981BE86195009342FC /* UIColor+FlatUI.h */,
				96434C991BE86195009342FC /* UIColor+FlatUI.m */,
			);
			name = Utilities;
			sourceTree = "<group>";
		};
		964A6E7F1BEAF8260024A2B3 /* WatchTrack */ = {
			isa = PBXGroup;
			children = (
				96BA749B1BF17CFA00CDDA46 /* WatchTrack.entitlements */,
				964A6E801BEAF8260024A2B3 /* Interface.storyboard */,
				964A6E831BEAF8260024A2B3 /* Assets.xcassets */,
				964A6E851BEAF8260024A2B3 /* Info.plist */,
			);
			path = WatchTrack;
			sourceTree = "<group>";
		};
		964A6E8E1BEAF8260024A2B3 /* WatchTrack Extension */ = {
			isa = PBXGroup;
			children = (
				967174C71BF1709900321787 /* WatchTrack Extension.entitlements */,
				964A6E921BEAF8260024A2B3 /* ExtensionDelegate.h */,
				964A6E931BEAF8260024A2B3 /* ExtensionDelegate.m */,
				967174C01BEC5DA600321787 /* WatchSessionDelegate.h */,
				967174C11BEC5DA600321787 /* WatchSessionDelegate.m */,
				96F389331BFC18A100DC131B /* EntryDelegate.h */,
				967174BB1BEB06AB00321787 /* Controllers */,
				964A6E981BEAF8260024A2B3 /* Assets.xcassets */,
				964A6E9A1BEAF8260024A2B3 /* Info.plist */,
			);
			path = "WatchTrack Extension";
			sourceTree = "<group>";
		};
		967174BB1BEB06AB00321787 /* Controllers */ = {
			isa = PBXGroup;
			children = (
				964A6E8F1BEAF8260024A2B3 /* TotalInterfaceController.h */,
				964A6E901BEAF8260024A2B3 /* TotalInterfaceController.m */,
				967174B81BEB069F00321787 /* AddEntryInterfaceController.h */,
				967174B91BEB069F00321787 /* AddEntryInterfaceController.m */,
			);
			name = Controllers;
			sourceTree = "<group>";
		};
/* End PBXGroup section */

/* Begin PBXNativeTarget section */
		960105BC1BE843A100979763 /* TrackIt */ = {
			isa = PBXNativeTarget;
			buildConfigurationList = 960105D71BE843A100979763 /* Build configuration list for PBXNativeTarget "TrackIt" */;
			buildPhases = (
				864640EF10D5F2AC6E1D5162 /* Check Pods Manifest.lock */,
				960105B91BE843A100979763 /* Sources */,
				960105BA1BE843A100979763 /* Frameworks */,
				960105BB1BE843A100979763 /* Resources */,
				1FB3DD4D7A0B88D8467C9383 /* Embed Pods Frameworks */,
				B383784A0C30AD1EDB7A7252 /* Copy Pods Resources */,
				964A6E7B1BEAF6860024A2B3 /* Embed Watch Content */,
			);
			buildRules = (
			);
			dependencies = (
				964A6E9C1BEAF8260024A2B3 /* PBXTargetDependency */,
			);
			name = TrackIt;
			productName = TrackIt;
			productReference = 960105BD1BE843A100979763 /* TrackIt.app */;
			productType = "com.apple.product-type.application";
		};
		964A6E7D1BEAF8260024A2B3 /* WatchTrack */ = {
			isa = PBXNativeTarget;
			buildConfigurationList = 964A6EA21BEAF8260024A2B3 /* Build configuration list for PBXNativeTarget "WatchTrack" */;
			buildPhases = (
				964A6E7C1BEAF8260024A2B3 /* Resources */,
				964A6EA11BEAF8260024A2B3 /* Embed App Extensions */,
			);
			buildRules = (
			);
			dependencies = (
				964A6E8D1BEAF8260024A2B3 /* PBXTargetDependency */,
			);
			name = WatchTrack;
			productName = WatchTrack;
			productReference = 964A6E7E1BEAF8260024A2B3 /* WatchTrack.app */;
			productType = "com.apple.product-type.application.watchapp2";
		};
		964A6E891BEAF8260024A2B3 /* WatchTrack Extension */ = {
			isa = PBXNativeTarget;
			buildConfigurationList = 964A6E9E1BEAF8260024A2B3 /* Build configuration list for PBXNativeTarget "WatchTrack Extension" */;
			buildPhases = (
				964A6E861BEAF8260024A2B3 /* Sources */,
				964A6E871BEAF8260024A2B3 /* Frameworks */,
				964A6E881BEAF8260024A2B3 /* Resources */,
			);
			buildRules = (
			);
			dependencies = (
			);
			name = "WatchTrack Extension";
			productName = "WatchTrack Extension";
			productReference = 964A6E8A1BEAF8260024A2B3 /* WatchTrack Extension.appex */;
			productType = "com.apple.product-type.watchkit2-extension";
		};
/* End PBXNativeTarget section */

/* Begin PBXProject section */
		960105B51BE843A100979763 /* Project object */ = {
			isa = PBXProject;
			attributes = {
				LastSwiftUpdateCheck = 0730;
				LastUpgradeCheck = 0710;
				ORGANIZATIONNAME = "Jason Ji";
				TargetAttributes = {
					960105BC1BE843A100979763 = {
						CreatedOnToolsVersion = 7.1;
						DevelopmentTeam = 2GPQ8GE99T;
						SystemCapabilities = {
							com.apple.ApplicationGroups.iOS = {
								enabled = 1;
							};
						};
					};
					964A6E7D1BEAF8260024A2B3 = {
						CreatedOnToolsVersion = 7.1;
						DevelopmentTeam = 2GPQ8GE99T;
						SystemCapabilities = {
							com.apple.ApplicationGroups.iOS = {
								enabled = 1;
							};
						};
					};
					964A6E891BEAF8260024A2B3 = {
						CreatedOnToolsVersion = 7.1;
						DevelopmentTeam = 2GPQ8GE99T;
						SystemCapabilities = {
							com.apple.ApplicationGroups.iOS = {
								enabled = 1;
							};
						};
					};
				};
			};
			buildConfigurationList = 960105B81BE843A100979763 /* Build configuration list for PBXProject "TrackIt" */;
			compatibilityVersion = "Xcode 6.3";
			developmentRegion = English;
			hasScannedForEncodings = 0;
			knownRegions = (
				en,
				Base,
			);
			mainGroup = 960105B41BE843A100979763;
			productRefGroup = 960105BE1BE843A100979763 /* Products */;
			projectDirPath = "";
			projectRoot = "";
			targets = (
				960105BC1BE843A100979763 /* TrackIt */,
				964A6E7D1BEAF8260024A2B3 /* WatchTrack */,
				964A6E891BEAF8260024A2B3 /* WatchTrack Extension */,
			);
		};
/* End PBXProject section */

/* Begin PBXResourcesBuildPhase section */
		960105BB1BE843A100979763 /* Resources */ = {
			isa = PBXResourcesBuildPhase;
			buildActionMask = 2147483647;
			files = (
				960105D31BE843A100979763 /* LaunchScreen.storyboard in Resources */,
				960105D01BE843A100979763 /* Assets.xcassets in Resources */,
				96BA74A21BF19CBC00CDDA46 /* Settings-Watch.bundle in Resources */,
				960105CB1BE843A100979763 /* Main.storyboard in Resources */,
			);
			runOnlyForDeploymentPostprocessing = 0;
		};
		964A6E7C1BEAF8260024A2B3 /* Resources */ = {
			isa = PBXResourcesBuildPhase;
			buildActionMask = 2147483647;
			files = (
				964A6E841BEAF8260024A2B3 /* Assets.xcassets in Resources */,
				964A6E821BEAF8260024A2B3 /* Interface.storyboard in Resources */,
			);
			runOnlyForDeploymentPostprocessing = 0;
		};
		964A6E881BEAF8260024A2B3 /* Resources */ = {
			isa = PBXResourcesBuildPhase;
			buildActionMask = 2147483647;
			files = (
				964A6E991BEAF8260024A2B3 /* Assets.xcassets in Resources */,
			);
			runOnlyForDeploymentPostprocessing = 0;
		};
/* End PBXResourcesBuildPhase section */

/* Begin PBXShellScriptBuildPhase section */
		1FB3DD4D7A0B88D8467C9383 /* Embed Pods Frameworks */ = {
			isa = PBXShellScriptBuildPhase;
			buildActionMask = 2147483647;
			files = (
			);
			inputPaths = (
			);
			name = "Embed Pods Frameworks";
			outputPaths = (
			);
			runOnlyForDeploymentPostprocessing = 0;
			shellPath = /bin/sh;
			shellScript = "\"${SRCROOT}/Pods/Target Support Files/Pods-TrackIt/Pods-TrackIt-frameworks.sh\"\n";
			showEnvVarsInLog = 0;
		};
		864640EF10D5F2AC6E1D5162 /* Check Pods Manifest.lock */ = {
			isa = PBXShellScriptBuildPhase;
			buildActionMask = 2147483647;
			files = (
			);
			inputPaths = (
			);
			name = "Check Pods Manifest.lock";
			outputPaths = (
			);
			runOnlyForDeploymentPostprocessing = 0;
			shellPath = /bin/sh;
			shellScript = "diff \"${PODS_ROOT}/../Podfile.lock\" \"${PODS_ROOT}/Manifest.lock\" > /dev/null\nif [[ $? != 0 ]] ; then\n    cat << EOM\nerror: The sandbox is not in sync with the Podfile.lock. Run 'pod install' or update your CocoaPods installation.\nEOM\n    exit 1\nfi\n";
			showEnvVarsInLog = 0;
		};
		B383784A0C30AD1EDB7A7252 /* Copy Pods Resources */ = {
			isa = PBXShellScriptBuildPhase;
			buildActionMask = 2147483647;
			files = (
			);
			inputPaths = (
			);
			name = "Copy Pods Resources";
			outputPaths = (
			);
			runOnlyForDeploymentPostprocessing = 0;
			shellPath = /bin/sh;
			shellScript = "\"${SRCROOT}/Pods/Target Support Files/Pods-TrackIt/Pods-TrackIt-resources.sh\"\n";
			showEnvVarsInLog = 0;
		};
/* End PBXShellScriptBuildPhase section */

/* Begin PBXSourcesBuildPhase section */
		960105B91BE843A100979763 /* Sources */ = {
			isa = PBXSourcesBuildPhase;
			buildActionMask = 2147483647;
			files = (
				961271141CCEF86A002268F7 /* Entry.swift in Sources */,
				96B506541BF96C3700E2F083 /* SelectDatesViewController.m in Sources */,
				960105EE1BE84FAE00979763 /* EntryCell.m in Sources */,
				960105C51BE843A100979763 /* AppDelegate.m in Sources */,
				964A6E4E1BE877080024A2B3 /* RFKeyboardToolbar+DoneButton.m in Sources */,
				96434CA01BE86CC9009342FC /* ContainerViewController.m in Sources */,
				961271161CCEF86A002268F7 /* Tag.swift in Sources */,
				960105EB1BE84C8600979763 /* EntriesModel.m in Sources */,
				960105F21BE857CB00979763 /* AddEntryViewController.m in Sources */,
				961271181CCF0803002268F7 /* TagsCell.swift in Sources */,
				960105F51BE85CCF00979763 /* AmountCell.m in Sources */,
				960105F81BE85CD800979763 /* NoteCell.m in Sources */,
				961271151CCEF86A002268F7 /* Tag+CoreDataProperties.swift in Sources */,
				96434C9A1BE86195009342FC /* UIColor+FlatUI.m in Sources */,
				967174BE1BEC539200321787 /* WatchSessionDelegate.m in Sources */,
				960105C21BE843A100979763 /* main.m in Sources */,
				960105E51BE8449500979763 /* TrackIt.xcdatamodeld in Sources */,
				964A6E4D1BE877080024A2B3 /* UIControl+Blocks.m in Sources */,
				961271131CCEF86A002268F7 /* Entry+CoreDataProperties.swift in Sources */,
				960105E81BE8453300979763 /* AllEntriesTableViewController.m in Sources */,
				96434C9D1BE862FF009342FC /* DatePickerCell.m in Sources */,
			);
			runOnlyForDeploymentPostprocessing = 0;
		};
		964A6E861BEAF8260024A2B3 /* Sources */ = {
			isa = PBXSourcesBuildPhase;
			buildActionMask = 2147483647;
			files = (
				967174BA1BEB069F00321787 /* AddEntryInterfaceController.m in Sources */,
				967174C21BEC5DA600321787 /* WatchSessionDelegate.m in Sources */,
				964A6E941BEAF8260024A2B3 /* ExtensionDelegate.m in Sources */,
				964A6E911BEAF8260024A2B3 /* TotalInterfaceController.m in Sources */,
			);
			runOnlyForDeploymentPostprocessing = 0;
		};
/* End PBXSourcesBuildPhase section */

/* Begin PBXTargetDependency section */
		964A6E8D1BEAF8260024A2B3 /* PBXTargetDependency */ = {
			isa = PBXTargetDependency;
			target = 964A6E891BEAF8260024A2B3 /* WatchTrack Extension */;
			targetProxy = 964A6E8C1BEAF8260024A2B3 /* PBXContainerItemProxy */;
		};
		964A6E9C1BEAF8260024A2B3 /* PBXTargetDependency */ = {
			isa = PBXTargetDependency;
			target = 964A6E7D1BEAF8260024A2B3 /* WatchTrack */;
			targetProxy = 964A6E9B1BEAF8260024A2B3 /* PBXContainerItemProxy */;
		};
/* End PBXTargetDependency section */

/* Begin PBXVariantGroup section */
		960105C91BE843A100979763 /* Main.storyboard */ = {
			isa = PBXVariantGroup;
			children = (
				960105CA1BE843A100979763 /* Base */,
			);
			name = Main.storyboard;
			sourceTree = "<group>";
		};
		960105D11BE843A100979763 /* LaunchScreen.storyboard */ = {
			isa = PBXVariantGroup;
			children = (
				960105D21BE843A100979763 /* Base */,
			);
			name = LaunchScreen.storyboard;
			sourceTree = "<group>";
		};
		964A6E801BEAF8260024A2B3 /* Interface.storyboard */ = {
			isa = PBXVariantGroup;
			children = (
				964A6E811BEAF8260024A2B3 /* Base */,
			);
			name = Interface.storyboard;
			sourceTree = "<group>";
		};
/* End PBXVariantGroup section */

/* Begin XCBuildConfiguration section */
		960105D51BE843A100979763 /* Debug */ = {
			isa = XCBuildConfiguration;
			buildSettings = {
				ALWAYS_SEARCH_USER_PATHS = NO;
				CLANG_CXX_LANGUAGE_STANDARD = "gnu++0x";
				CLANG_CXX_LIBRARY = "libc++";
				CLANG_ENABLE_MODULES = YES;
				CLANG_ENABLE_OBJC_ARC = YES;
				CLANG_WARN_BOOL_CONVERSION = YES;
				CLANG_WARN_CONSTANT_CONVERSION = YES;
				CLANG_WARN_DIRECT_OBJC_ISA_USAGE = YES_ERROR;
				CLANG_WARN_EMPTY_BODY = YES;
				CLANG_WARN_ENUM_CONVERSION = YES;
				CLANG_WARN_INT_CONVERSION = YES;
				CLANG_WARN_OBJC_ROOT_CLASS = YES_ERROR;
				CLANG_WARN_UNREACHABLE_CODE = YES;
				CLANG_WARN__DUPLICATE_METHOD_MATCH = YES;
				"CODE_SIGN_IDENTITY[sdk=iphoneos*]" = "iPhone Developer";
				COPY_PHASE_STRIP = NO;
				DEBUG_INFORMATION_FORMAT = dwarf;
				ENABLE_STRICT_OBJC_MSGSEND = YES;
				ENABLE_TESTABILITY = YES;
				GCC_C_LANGUAGE_STANDARD = gnu99;
				GCC_DYNAMIC_NO_PIC = NO;
				GCC_NO_COMMON_BLOCKS = YES;
				GCC_OPTIMIZATION_LEVEL = 0;
				GCC_PREPROCESSOR_DEFINITIONS = (
					"DEBUG=1",
					"$(inherited)",
				);
				GCC_WARN_64_TO_32_BIT_CONVERSION = YES;
				GCC_WARN_ABOUT_RETURN_TYPE = YES_ERROR;
				GCC_WARN_UNDECLARED_SELECTOR = YES;
				GCC_WARN_UNINITIALIZED_AUTOS = YES_AGGRESSIVE;
				GCC_WARN_UNUSED_FUNCTION = YES;
				GCC_WARN_UNUSED_VARIABLE = YES;
				IPHONEOS_DEPLOYMENT_TARGET = 9.1;
				MTL_ENABLE_DEBUG_INFO = YES;
				ONLY_ACTIVE_ARCH = YES;
				SDKROOT = iphoneos;
			};
			name = Debug;
		};
		960105D61BE843A100979763 /* Release */ = {
			isa = XCBuildConfiguration;
			buildSettings = {
				ALWAYS_SEARCH_USER_PATHS = NO;
				CLANG_CXX_LANGUAGE_STANDARD = "gnu++0x";
				CLANG_CXX_LIBRARY = "libc++";
				CLANG_ENABLE_MODULES = YES;
				CLANG_ENABLE_OBJC_ARC = YES;
				CLANG_WARN_BOOL_CONVERSION = YES;
				CLANG_WARN_CONSTANT_CONVERSION = YES;
				CLANG_WARN_DIRECT_OBJC_ISA_USAGE = YES_ERROR;
				CLANG_WARN_EMPTY_BODY = YES;
				CLANG_WARN_ENUM_CONVERSION = YES;
				CLANG_WARN_INT_CONVERSION = YES;
				CLANG_WARN_OBJC_ROOT_CLASS = YES_ERROR;
				CLANG_WARN_UNREACHABLE_CODE = YES;
				CLANG_WARN__DUPLICATE_METHOD_MATCH = YES;
				"CODE_SIGN_IDENTITY[sdk=iphoneos*]" = "iPhone Developer";
				COPY_PHASE_STRIP = NO;
				DEBUG_INFORMATION_FORMAT = "dwarf-with-dsym";
				ENABLE_NS_ASSERTIONS = NO;
				ENABLE_STRICT_OBJC_MSGSEND = YES;
				GCC_C_LANGUAGE_STANDARD = gnu99;
				GCC_NO_COMMON_BLOCKS = YES;
				GCC_WARN_64_TO_32_BIT_CONVERSION = YES;
				GCC_WARN_ABOUT_RETURN_TYPE = YES_ERROR;
				GCC_WARN_UNDECLARED_SELECTOR = YES;
				GCC_WARN_UNINITIALIZED_AUTOS = YES_AGGRESSIVE;
				GCC_WARN_UNUSED_FUNCTION = YES;
				GCC_WARN_UNUSED_VARIABLE = YES;
				IPHONEOS_DEPLOYMENT_TARGET = 9.1;
				MTL_ENABLE_DEBUG_INFO = NO;
				SDKROOT = iphoneos;
				VALIDATE_PRODUCT = YES;
			};
			name = Release;
		};
		960105D81BE843A100979763 /* Debug */ = {
			isa = XCBuildConfiguration;
			baseConfigurationReference = E2F9D59B9723CDE7DF30F082 /* Pods-TrackIt.debug.xcconfig */;
			buildSettings = {
				ASSETCATALOG_COMPILER_APPICON_NAME = AppIcon;
				CLANG_ENABLE_MODULES = YES;
				CODE_SIGN_ENTITLEMENTS = TrackIt/TrackIt.entitlements;
				CODE_SIGN_IDENTITY = "iPhone Developer: Jason Ji (34WW5ZG33E)";
				"CODE_SIGN_IDENTITY[sdk=iphoneos*]" = "iPhone Developer: Jason Ji (34WW5ZG33E)";
				INFOPLIST_FILE = TrackIt/Info.plist;
				LD_RUNPATH_SEARCH_PATHS = "$(inherited) @executable_path/Frameworks";
				PRODUCT_BUNDLE_IDENTIFIER = com.JYJApps.TrackIt;
				PRODUCT_NAME = "$(TARGET_NAME)";
				PROVISIONING_PROFILE = "afd7c7e1-5853-4fed-8340-e283e0e8400a";
				SWIFT_OBJC_BRIDGING_HEADER = "TrackIt/TrackIt-Bridging-Header.h";
				SWIFT_OPTIMIZATION_LEVEL = "-Onone";
			};
			name = Debug;
		};
		960105D91BE843A100979763 /* Release */ = {
			isa = XCBuildConfiguration;
			baseConfigurationReference = CA62EA34F330EFA6D8D03F63 /* Pods-TrackIt.release.xcconfig */;
			buildSettings = {
				ASSETCATALOG_COMPILER_APPICON_NAME = AppIcon;
				CLANG_ENABLE_MODULES = YES;
				CODE_SIGN_ENTITLEMENTS = TrackIt/TrackIt.entitlements;
				CODE_SIGN_IDENTITY = "iPhone Distribution: Jason Ji (2GPQ8GE99T)";
				"CODE_SIGN_IDENTITY[sdk=iphoneos*]" = "iPhone Distribution: Jason Ji (2GPQ8GE99T)";
				INFOPLIST_FILE = TrackIt/Info.plist;
				LD_RUNPATH_SEARCH_PATHS = "$(inherited) @executable_path/Frameworks";
				PRODUCT_BUNDLE_IDENTIFIER = com.JYJApps.TrackIt;
				PRODUCT_NAME = "$(TARGET_NAME)";
				PROVISIONING_PROFILE = "d90cda7d-b68b-431f-9459-80b47203ec8d";
				SWIFT_OBJC_BRIDGING_HEADER = "TrackIt/TrackIt-Bridging-Header.h";
			};
			name = Release;
		};
		964A6E9F1BEAF8260024A2B3 /* Debug */ = {
			isa = XCBuildConfiguration;
			buildSettings = {
				CODE_SIGN_ENTITLEMENTS = "WatchTrack Extension/WatchTrack Extension.entitlements";
				CODE_SIGN_IDENTITY = "iPhone Developer: Jason Ji (34WW5ZG33E)";
				"CODE_SIGN_IDENTITY[sdk=watchos*]" = "iPhone Developer: Jason Ji (34WW5ZG33E)";
				INFOPLIST_FILE = "WatchTrack Extension/Info.plist";
				LD_RUNPATH_SEARCH_PATHS = "$(inherited) @executable_path/Frameworks @executable_path/../../Frameworks";
				PRODUCT_BUNDLE_IDENTIFIER = com.JYJApps.TrackIt.watchkitapp.watchkitextension;
				PRODUCT_NAME = "${TARGET_NAME}";
				PROVISIONING_PROFILE = "25361f49-bcf0-42a1-906c-4fd9b93a897a";
				SDKROOT = watchos;
				SKIP_INSTALL = YES;
				TARGETED_DEVICE_FAMILY = 4;
				WATCHOS_DEPLOYMENT_TARGET = 2.0;
			};
			name = Debug;
		};
		964A6EA01BEAF8260024A2B3 /* Release */ = {
			isa = XCBuildConfiguration;
			buildSettings = {
				CODE_SIGN_ENTITLEMENTS = "WatchTrack Extension/WatchTrack Extension.entitlements";
				CODE_SIGN_IDENTITY = "iPhone Distribution: Jason Ji (2GPQ8GE99T)";
				"CODE_SIGN_IDENTITY[sdk=iphoneos*]" = "iPhone Distribution: Jason Ji (2GPQ8GE99T)";
				"CODE_SIGN_IDENTITY[sdk=watchos*]" = "iPhone Distribution: Jason Ji (2GPQ8GE99T)";
				INFOPLIST_FILE = "WatchTrack Extension/Info.plist";
				LD_RUNPATH_SEARCH_PATHS = "$(inherited) @executable_path/Frameworks @executable_path/../../Frameworks";
				PRODUCT_BUNDLE_IDENTIFIER = com.JYJApps.TrackIt.watchkitapp.watchkitextension;
				PRODUCT_NAME = "${TARGET_NAME}";
				PROVISIONING_PROFILE = "8c35acbf-b79c-40a4-914a-f4a512839d0a";
				SDKROOT = watchos;
				SKIP_INSTALL = YES;
				TARGETED_DEVICE_FAMILY = 4;
				WATCHOS_DEPLOYMENT_TARGET = 2.0;
			};
			name = Release;
		};
		964A6EA31BEAF8260024A2B3 /* Debug */ = {
			isa = XCBuildConfiguration;
			buildSettings = {
				ASSETCATALOG_COMPILER_APPICON_NAME = "Watch AppIcon";
				CODE_SIGN_ENTITLEMENTS = WatchTrack/WatchTrack.entitlements;
				CODE_SIGN_IDENTITY = "iPhone Developer: Jason Ji (34WW5ZG33E)";
				"CODE_SIGN_IDENTITY[sdk=iphoneos*]" = "iPhone Developer: Jason Ji (34WW5ZG33E)";
				"CODE_SIGN_IDENTITY[sdk=watchos*]" = "iPhone Developer: Jason Ji (34WW5ZG33E)";
				IBSC_MODULE = WatchTrack_Extension;
				INFOPLIST_FILE = WatchTrack/Info.plist;
				PRODUCT_BUNDLE_IDENTIFIER = com.JYJApps.TrackIt.watchkitapp;
				PRODUCT_NAME = "$(TARGET_NAME)";
				PROVISIONING_PROFILE = "d1305694-9515-4338-9cc0-ef122cad581d";
				SDKROOT = watchos;
				SKIP_INSTALL = YES;
				TARGETED_DEVICE_FAMILY = 4;
				WATCHOS_DEPLOYMENT_TARGET = 2.0;
			};
			name = Debug;
		};
		964A6EA41BEAF8260024A2B3 /* Release */ = {
			isa = XCBuildConfiguration;
			buildSettings = {
				ASSETCATALOG_COMPILER_APPICON_NAME = "Watch AppIcon";
				CODE_SIGN_ENTITLEMENTS = WatchTrack/WatchTrack.entitlements;
				CODE_SIGN_IDENTITY = "iPhone Distribution: Jason Ji (2GPQ8GE99T)";
				"CODE_SIGN_IDENTITY[sdk=watchos*]" = "iPhone Distribution: Jason Ji (2GPQ8GE99T)";
				IBSC_MODULE = WatchTrack_Extension;
				INFOPLIST_FILE = WatchTrack/Info.plist;
				PRODUCT_BUNDLE_IDENTIFIER = com.JYJApps.TrackIt.watchkitapp;
				PRODUCT_NAME = "$(TARGET_NAME)";
				PROVISIONING_PROFILE = "9530a20e-6c4a-48bd-8f93-270e2818c06c";
				SDKROOT = watchos;
				SKIP_INSTALL = YES;
				TARGETED_DEVICE_FAMILY = 4;
				WATCHOS_DEPLOYMENT_TARGET = 2.0;
			};
			name = Release;
		};
/* End XCBuildConfiguration section */

/* Begin XCConfigurationList section */
		960105B81BE843A100979763 /* Build configuration list for PBXProject "TrackIt" */ = {
			isa = XCConfigurationList;
			buildConfigurations = (
				960105D51BE843A100979763 /* Debug */,
				960105D61BE843A100979763 /* Release */,
			);
			defaultConfigurationIsVisible = 0;
			defaultConfigurationName = Release;
		};
		960105D71BE843A100979763 /* Build configuration list for PBXNativeTarget "TrackIt" */ = {
			isa = XCConfigurationList;
			buildConfigurations = (
				960105D81BE843A100979763 /* Debug */,
				960105D91BE843A100979763 /* Release */,
			);
			defaultConfigurationIsVisible = 0;
			defaultConfigurationName = Release;
		};
		964A6E9E1BEAF8260024A2B3 /* Build configuration list for PBXNativeTarget "WatchTrack Extension" */ = {
			isa = XCConfigurationList;
			buildConfigurations = (
				964A6E9F1BEAF8260024A2B3 /* Debug */,
				964A6EA01BEAF8260024A2B3 /* Release */,
			);
			defaultConfigurationIsVisible = 0;
			defaultConfigurationName = Release;
		};
		964A6EA21BEAF8260024A2B3 /* Build configuration list for PBXNativeTarget "WatchTrack" */ = {
			isa = XCConfigurationList;
			buildConfigurations = (
				964A6EA31BEAF8260024A2B3 /* Debug */,
				964A6EA41BEAF8260024A2B3 /* Release */,
			);
			defaultConfigurationIsVisible = 0;
			defaultConfigurationName = Release;
		};
/* End XCConfigurationList section */

/* Begin XCVersionGroup section */
		960105E31BE8449500979763 /* TrackIt.xcdatamodeld */ = {
			isa = XCVersionGroup;
			children = (
				9612710D1CCEF7A7002268F7 /* TrackIt 2.xcdatamodel */,
				960105E41BE8449500979763 /* TrackIt.xcdatamodel */,
			);
			currentVersion = 9612710D1CCEF7A7002268F7 /* TrackIt 2.xcdatamodel */;
			name = TrackIt.xcdatamodeld;
			path = "Core Data/TrackIt.xcdatamodeld";
			sourceTree = "<group>";
			versionGroupType = wrapper.xcdatamodel;
		};
/* End XCVersionGroup section */
	};
	rootObject = 960105B51BE843A100979763 /* Project object */;
}
